// !$*UTF8*$!
{
	archiveVersion = 1;
	classes = {
	};
	objectVersion = 50;
	objects = {

/* Begin PBXBuildFile section */
		23479D222519197400B8322D /* RegistrationView.swift in Sources */ = {isa = PBXBuildFile; fileRef = 23479D202519197300B8322D /* RegistrationView.swift */; };
		23479D232519197400B8322D /* LoginView.swift in Sources */ = {isa = PBXBuildFile; fileRef = 23479D212519197400B8322D /* LoginView.swift */; };
		A824A56D25225B3E008150DC /* NewsViewController.swift in Sources */ = {isa = PBXBuildFile; fileRef = A824A56C25225B3E008150DC /* NewsViewController.swift */; };
		A824A56F25225B6F008150DC /* DetailedNewsScreenViewController.swift in Sources */ = {isa = PBXBuildFile; fileRef = A824A56E25225B6F008150DC /* DetailedNewsScreenViewController.swift */; };
		A824A5712524D584008150DC /* ProfileViewController.swift in Sources */ = {isa = PBXBuildFile; fileRef = A824A5702524D584008150DC /* ProfileViewController.swift */; };
		A8DBF7322517A5D3008206F5 /* AppDelegate.swift in Sources */ = {isa = PBXBuildFile; fileRef = A8DBF7312517A5D3008206F5 /* AppDelegate.swift */; };
		A8DBF7362517A5D3008206F5 /* ViewController.swift in Sources */ = {isa = PBXBuildFile; fileRef = A8DBF7352517A5D3008206F5 /* ViewController.swift */; };
		A8DBF7392517A5D3008206F5 /* Main.storyboard in Resources */ = {isa = PBXBuildFile; fileRef = A8DBF7372517A5D3008206F5 /* Main.storyboard */; };
		A8DBF73B2517A5D4008206F5 /* Assets.xcassets in Resources */ = {isa = PBXBuildFile; fileRef = A8DBF73A2517A5D4008206F5 /* Assets.xcassets */; };
		A8DBF73E2517A5D4008206F5 /* LaunchScreen.storyboard in Resources */ = {isa = PBXBuildFile; fileRef = A8DBF73C2517A5D4008206F5 /* LaunchScreen.storyboard */; };
/* End PBXBuildFile section */

/* Begin PBXContainerItemProxy section */
		A8DBF7452517A5D4008206F5 /* PBXContainerItemProxy */ = {
			isa = PBXContainerItemProxy;
			containerPortal = A8DBF7262517A5D3008206F5 /* Project object */;
			proxyType = 1;
			remoteGlobalIDString = A8DBF72D2517A5D3008206F5;
			remoteInfo = HomeWork2;
		};
		A8DBF7502517A5D4008206F5 /* PBXContainerItemProxy */ = {
			isa = PBXContainerItemProxy;
			containerPortal = A8DBF7262517A5D3008206F5 /* Project object */;
			proxyType = 1;
			remoteGlobalIDString = A8DBF72D2517A5D3008206F5;
			remoteInfo = HomeWork2;
		};
/* End PBXContainerItemProxy section */

/* Begin PBXFileReference section */
		23479D202519197300B8322D /* RegistrationView.swift */ = {isa = PBXFileReference; fileEncoding = 4; lastKnownFileType = sourcecode.swift; path = RegistrationView.swift; sourceTree = "<group>"; };
		23479D212519197400B8322D /* LoginView.swift */ = {isa = PBXFileReference; fileEncoding = 4; lastKnownFileType = sourcecode.swift; path = LoginView.swift; sourceTree = "<group>"; };
		A824A56C25225B3E008150DC /* NewsViewController.swift */ = {isa = PBXFileReference; lastKnownFileType = sourcecode.swift; path = NewsViewController.swift; sourceTree = "<group>"; };
		A824A56E25225B6F008150DC /* DetailedNewsScreenViewController.swift */ = {isa = PBXFileReference; lastKnownFileType = sourcecode.swift; path = DetailedNewsScreenViewController.swift; sourceTree = "<group>"; };
		A824A5702524D584008150DC /* ProfileViewController.swift */ = {isa = PBXFileReference; lastKnownFileType = sourcecode.swift; path = ProfileViewController.swift; sourceTree = "<group>"; };
		A8DBF72E2517A5D3008206F5 /* HomeWork2.app */ = {isa = PBXFileReference; explicitFileType = wrapper.application; includeInIndex = 0; path = HomeWork2.app; sourceTree = BUILT_PRODUCTS_DIR; };
		A8DBF7312517A5D3008206F5 /* AppDelegate.swift */ = {isa = PBXFileReference; lastKnownFileType = sourcecode.swift; path = AppDelegate.swift; sourceTree = "<group>"; };
		A8DBF7352517A5D3008206F5 /* ViewController.swift */ = {isa = PBXFileReference; lastKnownFileType = sourcecode.swift; path = ViewController.swift; sourceTree = "<group>"; };
		A8DBF7382517A5D3008206F5 /* Base */ = {isa = PBXFileReference; lastKnownFileType = file.storyboard; name = Base; path = Base.lproj/Main.storyboard; sourceTree = "<group>"; };
		A8DBF73A2517A5D4008206F5 /* Assets.xcassets */ = {isa = PBXFileReference; lastKnownFileType = folder.assetcatalog; path = Assets.xcassets; sourceTree = "<group>"; };
		A8DBF73D2517A5D4008206F5 /* Base */ = {isa = PBXFileReference; lastKnownFileType = file.storyboard; name = Base; path = Base.lproj/LaunchScreen.storyboard; sourceTree = "<group>"; };
		A8DBF73F2517A5D4008206F5 /* Info.plist */ = {isa = PBXFileReference; lastKnownFileType = text.plist.xml; path = Info.plist; sourceTree = "<group>"; };
		A8DBF7442517A5D4008206F5 /* HomeWork2Tests.xctest */ = {isa = PBXFileReference; explicitFileType = wrapper.cfbundle; includeInIndex = 0; path = HomeWork2Tests.xctest; sourceTree = BUILT_PRODUCTS_DIR; };
		A8DBF74F2517A5D4008206F5 /* HomeWork2UITests.xctest */ = {isa = PBXFileReference; explicitFileType = wrapper.cfbundle; includeInIndex = 0; path = HomeWork2UITests.xctest; sourceTree = BUILT_PRODUCTS_DIR; };
/* End PBXFileReference section */

/* Begin PBXFrameworksBuildPhase section */
		A8DBF72B2517A5D3008206F5 /* Frameworks */ = {
			isa = PBXFrameworksBuildPhase;
			buildActionMask = 2147483647;
			files = (
			);
			runOnlyForDeploymentPostprocessing = 0;
		};
		A8DBF7412517A5D4008206F5 /* Frameworks */ = {
			isa = PBXFrameworksBuildPhase;
			buildActionMask = 2147483647;
			files = (
			);
			runOnlyForDeploymentPostprocessing = 0;
		};
		A8DBF74C2517A5D4008206F5 /* Frameworks */ = {
			isa = PBXFrameworksBuildPhase;
			buildActionMask = 2147483647;
			files = (
			);
			runOnlyForDeploymentPostprocessing = 0;
		};
/* End PBXFrameworksBuildPhase section */

/* Begin PBXGroup section */
		A8DBF7252517A5D3008206F5 = {
			isa = PBXGroup;
			children = (
				A8DBF7302517A5D3008206F5 /* HomeWork2 */,
				A8DBF72F2517A5D3008206F5 /* Products */,
			);
			sourceTree = "<group>";
		};
		A8DBF72F2517A5D3008206F5 /* Products */ = {
			isa = PBXGroup;
			children = (
				A8DBF72E2517A5D3008206F5 /* HomeWork2.app */,
				A8DBF7442517A5D4008206F5 /* HomeWork2Tests.xctest */,
				A8DBF74F2517A5D4008206F5 /* HomeWork2UITests.xctest */,
			);
			name = Products;
			sourceTree = "<group>";
		};
		A8DBF7302517A5D3008206F5 /* HomeWork2 */ = {
			isa = PBXGroup;
			children = (
				23479D212519197400B8322D /* LoginView.swift */,
				23479D202519197300B8322D /* RegistrationView.swift */,
				A8DBF7312517A5D3008206F5 /* AppDelegate.swift */,
				A8DBF7352517A5D3008206F5 /* ViewController.swift */,
				A8DBF7372517A5D3008206F5 /* Main.storyboard */,
				A8DBF73A2517A5D4008206F5 /* Assets.xcassets */,
				A8DBF73C2517A5D4008206F5 /* LaunchScreen.storyboard */,
				A8DBF73F2517A5D4008206F5 /* Info.plist */,
				A824A56C25225B3E008150DC /* NewsViewController.swift */,
				A824A56E25225B6F008150DC /* DetailedNewsScreenViewController.swift */,
				A824A5702524D584008150DC /* ProfileViewController.swift */,
			);
			path = HomeWork2;
			sourceTree = "<group>";
		};
/* End PBXGroup section */

/* Begin PBXNativeTarget section */
		A8DBF72D2517A5D3008206F5 /* HomeWork2 */ = {
			isa = PBXNativeTarget;
			buildConfigurationList = A8DBF7582517A5D4008206F5 /* Build configuration list for PBXNativeTarget "HomeWork2" */;
			buildPhases = (
				A8DBF72A2517A5D3008206F5 /* Sources */,
				A8DBF72B2517A5D3008206F5 /* Frameworks */,
				A8DBF72C2517A5D3008206F5 /* Resources */,
			);
			buildRules = (
			);
			dependencies = (
			);
			name = HomeWork2;
			productName = HomeWork2;
			productReference = A8DBF72E2517A5D3008206F5 /* HomeWork2.app */;
			productType = "com.apple.product-type.application";
		};
		A8DBF7432517A5D4008206F5 /* HomeWork2Tests */ = {
			isa = PBXNativeTarget;
			buildConfigurationList = A8DBF75B2517A5D4008206F5 /* Build configuration list for PBXNativeTarget "HomeWork2Tests" */;
			buildPhases = (
				A8DBF7402517A5D4008206F5 /* Sources */,
				A8DBF7412517A5D4008206F5 /* Frameworks */,
				A8DBF7422517A5D4008206F5 /* Resources */,
			);
			buildRules = (
			);
			dependencies = (
				A8DBF7462517A5D4008206F5 /* PBXTargetDependency */,
			);
			name = HomeWork2Tests;
			productName = HomeWork2Tests;
			productReference = A8DBF7442517A5D4008206F5 /* HomeWork2Tests.xctest */;
			productType = "com.apple.product-type.bundle.unit-test";
		};
		A8DBF74E2517A5D4008206F5 /* HomeWork2UITests */ = {
			isa = PBXNativeTarget;
			buildConfigurationList = A8DBF75E2517A5D4008206F5 /* Build configuration list for PBXNativeTarget "HomeWork2UITests" */;
			buildPhases = (
				A8DBF74B2517A5D4008206F5 /* Sources */,
				A8DBF74C2517A5D4008206F5 /* Frameworks */,
				A8DBF74D2517A5D4008206F5 /* Resources */,
			);
			buildRules = (
			);
			dependencies = (
				A8DBF7512517A5D4008206F5 /* PBXTargetDependency */,
			);
			name = HomeWork2UITests;
			productName = HomeWork2UITests;
			productReference = A8DBF74F2517A5D4008206F5 /* HomeWork2UITests.xctest */;
			productType = "com.apple.product-type.bundle.ui-testing";
		};
/* End PBXNativeTarget section */

/* Begin PBXProject section */
		A8DBF7262517A5D3008206F5 /* Project object */ = {
			isa = PBXProject;
			attributes = {
				LastSwiftUpdateCheck = 1150;
				LastUpgradeCheck = 1150;
				ORGANIZATIONNAME = Nail;
				TargetAttributes = {
					A8DBF72D2517A5D3008206F5 = {
						CreatedOnToolsVersion = 11.5;
					};
					A8DBF7432517A5D4008206F5 = {
						CreatedOnToolsVersion = 11.5;
						TestTargetID = A8DBF72D2517A5D3008206F5;
					};
					A8DBF74E2517A5D4008206F5 = {
						CreatedOnToolsVersion = 11.5;
						TestTargetID = A8DBF72D2517A5D3008206F5;
					};
				};
			};
			buildConfigurationList = A8DBF7292517A5D3008206F5 /* Build configuration list for PBXProject "HomeWork2" */;
			compatibilityVersion = "Xcode 9.3";
			developmentRegion = en;
			hasScannedForEncodings = 0;
			knownRegions = (
				en,
				Base,
			);
			mainGroup = A8DBF7252517A5D3008206F5;
			productRefGroup = A8DBF72F2517A5D3008206F5 /* Products */;
			projectDirPath = "";
			projectRoot = "";
			targets = (
				A8DBF72D2517A5D3008206F5 /* HomeWork2 */,
				A8DBF7432517A5D4008206F5 /* HomeWork2Tests */,
				A8DBF74E2517A5D4008206F5 /* HomeWork2UITests */,
			);
		};
/* End PBXProject section */

/* Begin PBXResourcesBuildPhase section */
		A8DBF72C2517A5D3008206F5 /* Resources */ = {
			isa = PBXResourcesBuildPhase;
			buildActionMask = 2147483647;
			files = (
				A8DBF73E2517A5D4008206F5 /* LaunchScreen.storyboard in Resources */,
				A8DBF73B2517A5D4008206F5 /* Assets.xcassets in Resources */,
				A8DBF7392517A5D3008206F5 /* Main.storyboard in Resources */,
			);
			runOnlyForDeploymentPostprocessing = 0;
		};
		A8DBF7422517A5D4008206F5 /* Resources */ = {
			isa = PBXResourcesBuildPhase;
			buildActionMask = 2147483647;
			files = (
			);
			runOnlyForDeploymentPostprocessing = 0;
		};
		A8DBF74D2517A5D4008206F5 /* Resources */ = {
			isa = PBXResourcesBuildPhase;
			buildActionMask = 2147483647;
			files = (
			);
			runOnlyForDeploymentPostprocessing = 0;
		};
/* End PBXResourcesBuildPhase section */

/* Begin PBXSourcesBuildPhase section */
		A8DBF72A2517A5D3008206F5 /* Sources */ = {
			isa = PBXSourcesBuildPhase;
			buildActionMask = 2147483647;
			files = (
				23479D222519197400B8322D /* RegistrationView.swift in Sources */,
				A8DBF7362517A5D3008206F5 /* ViewController.swift in Sources */,
				23479D232519197400B8322D /* LoginView.swift in Sources */,
				A824A56F25225B6F008150DC /* DetailedNewsScreenViewController.swift in Sources */,
				A824A5712524D584008150DC /* ProfileViewController.swift in Sources */,
				A824A56D25225B3E008150DC /* NewsViewController.swift in Sources */,
				A8DBF7322517A5D3008206F5 /* AppDelegate.swift in Sources */,
			);
			runOnlyForDeploymentPostprocessing = 0;
		};
		A8DBF7402517A5D4008206F5 /* Sources */ = {
			isa = PBXSourcesBuildPhase;
			buildActionMask = 2147483647;
			files = (
			);
			runOnlyForDeploymentPostprocessing = 0;
		};
		A8DBF74B2517A5D4008206F5 /* Sources */ = {
			isa = PBXSourcesBuildPhase;
			buildActionMask = 2147483647;
			files = (
			);
			runOnlyForDeploymentPostprocessing = 0;
		};
/* End PBXSourcesBuildPhase section */

/* Begin PBXTargetDependency section */
		A8DBF7462517A5D4008206F5 /* PBXTargetDependency */ = {
			isa = PBXTargetDependency;
			target = A8DBF72D2517A5D3008206F5 /* HomeWork2 */;
			targetProxy = A8DBF7452517A5D4008206F5 /* PBXContainerItemProxy */;
		};
		A8DBF7512517A5D4008206F5 /* PBXTargetDependency */ = {
			isa = PBXTargetDependency;
			target = A8DBF72D2517A5D3008206F5 /* HomeWork2 */;
			targetProxy = A8DBF7502517A5D4008206F5 /* PBXContainerItemProxy */;
		};
/* End PBXTargetDependency section */

/* Begin PBXVariantGroup section */
		A8DBF7372517A5D3008206F5 /* Main.storyboard */ = {
			isa = PBXVariantGroup;
			children = (
				A8DBF7382517A5D3008206F5 /* Base */,
			);
			name = Main.storyboard;
			sourceTree = "<group>";
		};
		A8DBF73C2517A5D4008206F5 /* LaunchScreen.storyboard */ = {
			isa = PBXVariantGroup;
			children = (
				A8DBF73D2517A5D4008206F5 /* Base */,
			);
			name = LaunchScreen.storyboard;
			sourceTree = "<group>";
		};
/* End PBXVariantGroup section */

/* Begin XCBuildConfiguration section */
		A8DBF7562517A5D4008206F5 /* Debug */ = {
			isa = XCBuildConfiguration;
			buildSettings = {
				ALWAYS_SEARCH_USER_PATHS = NO;
				CLANG_ANALYZER_NONNULL = YES;
				CLANG_ANALYZER_NUMBER_OBJECT_CONVERSION = YES_AGGRESSIVE;
				CLANG_CXX_LANGUAGE_STANDARD = "gnu++14";
				CLANG_CXX_LIBRARY = "libc++";
				CLANG_ENABLE_MODULES = YES;
				CLANG_ENABLE_OBJC_ARC = YES;
				CLANG_ENABLE_OBJC_WEAK = YES;
				CLANG_WARN_BLOCK_CAPTURE_AUTORELEASING = YES;
				CLANG_WARN_BOOL_CONVERSION = YES;
				CLANG_WARN_COMMA = YES;
				CLANG_WARN_CONSTANT_CONVERSION = YES;
				CLANG_WARN_DEPRECATED_OBJC_IMPLEMENTATIONS = YES;
				CLANG_WARN_DIRECT_OBJC_ISA_USAGE = YES_ERROR;
				CLANG_WARN_DOCUMENTATION_COMMENTS = YES;
				CLANG_WARN_EMPTY_BODY = YES;
				CLANG_WARN_ENUM_CONVERSION = YES;
				CLANG_WARN_INFINITE_RECURSION = YES;
				CLANG_WARN_INT_CONVERSION = YES;
				CLANG_WARN_NON_LITERAL_NULL_CONVERSION = YES;
				CLANG_WARN_OBJC_IMPLICIT_RETAIN_SELF = YES;
				CLANG_WARN_OBJC_LITERAL_CONVERSION = YES;
				CLANG_WARN_OBJC_ROOT_CLASS = YES_ERROR;
				CLANG_WARN_RANGE_LOOP_ANALYSIS = YES;
				CLANG_WARN_STRICT_PROTOTYPES = YES;
				CLANG_WARN_SUSPICIOUS_MOVE = YES;
				CLANG_WARN_UNGUARDED_AVAILABILITY = YES_AGGRESSIVE;
				CLANG_WARN_UNREACHABLE_CODE = YES;
				CLANG_WARN__DUPLICATE_METHOD_MATCH = YES;
				COPY_PHASE_STRIP = NO;
				DEBUG_INFORMATION_FORMAT = dwarf;
				ENABLE_STRICT_OBJC_MSGSEND = YES;
				ENABLE_TESTABILITY = YES;
				GCC_C_LANGUAGE_STANDARD = gnu11;
				GCC_DYNAMIC_NO_PIC = NO;
				GCC_NO_COMMON_BLOCKS = YES;
				GCC_OPTIMIZATION_LEVEL = 0;
				GCC_PREPROCESSOR_DEFINITIONS = (
					"DEBUG=1",
					"$(inherited)",
				);
				GCC_WARN_64_TO_32_BIT_CONVERSION = YES;
				GCC_WARN_ABOUT_RETURN_TYPE = YES_ERROR;
				GCC_WARN_UNDECLARED_SELECTOR = YES;
				GCC_WARN_UNINITIALIZED_AUTOS = YES_AGGRESSIVE;
				GCC_WARN_UNUSED_FUNCTION = YES;
				GCC_WARN_UNUSED_VARIABLE = YES;
				IPHONEOS_DEPLOYMENT_TARGET = 13.5;
				MTL_ENABLE_DEBUG_INFO = INCLUDE_SOURCE;
				MTL_FAST_MATH = YES;
				ONLY_ACTIVE_ARCH = YES;
				SDKROOT = iphoneos;
				SWIFT_ACTIVE_COMPILATION_CONDITIONS = DEBUG;
				SWIFT_OPTIMIZATION_LEVEL = "-Onone";
			};
			name = Debug;
		};
		A8DBF7572517A5D4008206F5 /* Release */ = {
			isa = XCBuildConfiguration;
			buildSettings = {
				ALWAYS_SEARCH_USER_PATHS = NO;
				CLANG_ANALYZER_NONNULL = YES;
				CLANG_ANALYZER_NUMBER_OBJECT_CONVERSION = YES_AGGRESSIVE;
				CLANG_CXX_LANGUAGE_STANDARD = "gnu++14";
				CLANG_CXX_LIBRARY = "libc++";
				CLANG_ENABLE_MODULES = YES;
				CLANG_ENABLE_OBJC_ARC = YES;
				CLANG_ENABLE_OBJC_WEAK = YES;
				CLANG_WARN_BLOCK_CAPTURE_AUTORELEASING = YES;
				CLANG_WARN_BOOL_CONVERSION = YES;
				CLANG_WARN_COMMA = YES;
				CLANG_WARN_CONSTANT_CONVERSION = YES;
				CLANG_WARN_DEPRECATED_OBJC_IMPLEMENTATIONS = YES;
				CLANG_WARN_DIRECT_OBJC_ISA_USAGE = YES_ERROR;
				CLANG_WARN_DOCUMENTATION_COMMENTS = YES;
				CLANG_WARN_EMPTY_BODY = YES;
				CLANG_WARN_ENUM_CONVERSION = YES;
				CLANG_WARN_INFINITE_RECURSION = YES;
				CLANG_WARN_INT_CONVERSION = YES;
				CLANG_WARN_NON_LITERAL_NULL_CONVERSION = YES;
				CLANG_WARN_OBJC_IMPLICIT_RETAIN_SELF = YES;
				CLANG_WARN_OBJC_LITERAL_CONVERSION = YES;
				CLANG_WARN_OBJC_ROOT_CLASS = YES_ERROR;
				CLANG_WARN_RANGE_LOOP_ANALYSIS = YES;
				CLANG_WARN_STRICT_PROTOTYPES = YES;
				CLANG_WARN_SUSPICIOUS_MOVE = YES;
				CLANG_WARN_UNGUARDED_AVAILABILITY = YES_AGGRESSIVE;
				CLANG_WARN_UNREACHABLE_CODE = YES;
				CLANG_WARN__DUPLICATE_METHOD_MATCH = YES;
				COPY_PHASE_STRIP = NO;
				DEBUG_INFORMATION_FORMAT = "dwarf-with-dsym";
				ENABLE_NS_ASSERTIONS = NO;
				ENABLE_STRICT_OBJC_MSGSEND = YES;
				GCC_C_LANGUAGE_STANDARD = gnu11;
				GCC_NO_COMMON_BLOCKS = YES;
				GCC_WARN_64_TO_32_BIT_CONVERSION = YES;
				GCC_WARN_ABOUT_RETURN_TYPE = YES_ERROR;
				GCC_WARN_UNDECLARED_SELECTOR = YES;
				GCC_WARN_UNINITIALIZED_AUTOS = YES_AGGRESSIVE;
				GCC_WARN_UNUSED_FUNCTION = YES;
				GCC_WARN_UNUSED_VARIABLE = YES;
				IPHONEOS_DEPLOYMENT_TARGET = 13.5;
				MTL_ENABLE_DEBUG_INFO = NO;
				MTL_FAST_MATH = YES;
				SDKROOT = iphoneos;
				SWIFT_COMPILATION_MODE = wholemodule;
				SWIFT_OPTIMIZATION_LEVEL = "-O";
				VALIDATE_PRODUCT = YES;
			};
			name = Release;
		};
		A8DBF7592517A5D4008206F5 /* Debug */ = {
			isa = XCBuildConfiguration;
			buildSettings = {
				ASSETCATALOG_COMPILER_APPICON_NAME = AppIcon;
				CODE_SIGN_STYLE = Automatic;
				INFOPLIST_FILE = HomeWork2/Info.plist;
				IPHONEOS_DEPLOYMENT_TARGET = 12.1;
				LD_RUNPATH_SEARCH_PATHS = (
					"$(inherited)",
					"@executable_path/Frameworks",
				);
				PRODUCT_BUNDLE_IDENTIFIER = nail.HomeWork2;
				PRODUCT_NAME = "$(TARGET_NAME)";
				SWIFT_VERSION = 4.2;
				TARGETED_DEVICE_FAMILY = "1,2";
			};
			name = Debug;
		};
		A8DBF75A2517A5D4008206F5 /* Release */ = {
			isa = XCBuildConfiguration;
			buildSettings = {
				ASSETCATALOG_COMPILER_APPICON_NAME = AppIcon;
				CODE_SIGN_STYLE = Automatic;
				INFOPLIST_FILE = HomeWork2/Info.plist;
				IPHONEOS_DEPLOYMENT_TARGET = 12.1;
				LD_RUNPATH_SEARCH_PATHS = (
					"$(inherited)",
					"@executable_path/Frameworks",
				);
				PRODUCT_BUNDLE_IDENTIFIER = nail.HomeWork2;
				PRODUCT_NAME = "$(TARGET_NAME)";
				SWIFT_VERSION = 4.2;
				TARGETED_DEVICE_FAMILY = "1,2";
			};
			name = Release;
		};
		A8DBF75C2517A5D4008206F5 /* Debug */ = {
			isa = XCBuildConfiguration;
			buildSettings = {
				ALWAYS_EMBED_SWIFT_STANDARD_LIBRARIES = YES;
				BUNDLE_LOADER = "$(TEST_HOST)";
				CODE_SIGN_STYLE = Automatic;
				INFOPLIST_FILE = HomeWork2Tests/Info.plist;
				IPHONEOS_DEPLOYMENT_TARGET = 13.5;
				LD_RUNPATH_SEARCH_PATHS = (
					"$(inherited)",
					"@executable_path/Frameworks",
					"@loader_path/Frameworks",
				);
				PRODUCT_BUNDLE_IDENTIFIER = nail.HomeWork2Tests;
				PRODUCT_NAME = "$(TARGET_NAME)";
				SWIFT_VERSION = 5.0;
				TARGETED_DEVICE_FAMILY = "1,2";
				TEST_HOST = "$(BUILT_PRODUCTS_DIR)/HomeWork2.app/HomeWork2";
			};
			name = Debug;
		};
		A8DBF75D2517A5D4008206F5 /* Release */ = {
			isa = XCBuildConfiguration;
			buildSettings = {
				ALWAYS_EMBED_SWIFT_STANDARD_LIBRARIES = YES;
				BUNDLE_LOADER = "$(TEST_HOST)";
				CODE_SIGN_STYLE = Automatic;
				INFOPLIST_FILE = HomeWork2Tests/Info.plist;
				IPHONEOS_DEPLOYMENT_TARGET = 13.5;
				LD_RUNPATH_SEARCH_PATHS = (
					"$(inherited)",
					"@executable_path/Frameworks",
					"@loader_path/Frameworks",
				);
				PRODUCT_BUNDLE_IDENTIFIER = nail.HomeWork2Tests;
				PRODUCT_NAME = "$(TARGET_NAME)";
				SWIFT_VERSION = 5.0;
				TARGETED_DEVICE_FAMILY = "1,2";
				TEST_HOST = "$(BUILT_PRODUCTS_DIR)/HomeWork2.app/HomeWork2";
			};
			name = Release;
		};
		A8DBF75F2517A5D4008206F5 /* Debug */ = {
			isa = XCBuildConfiguration;
			buildSettings = {
				ALWAYS_EMBED_SWIFT_STANDARD_LIBRARIES = YES;
				CODE_SIGN_STYLE = Automatic;
				INFOPLIST_FILE = HomeWork2UITests/Info.plist;
				LD_RUNPATH_SEARCH_PATHS = (
					"$(inherited)",
					"@executable_path/Frameworks",
					"@loader_path/Frameworks",
				);
				PRODUCT_BUNDLE_IDENTIFIER = nail.HomeWork2UITests;
				PRODUCT_NAME = "$(TARGET_NAME)";
				SWIFT_VERSION = 5.0;
				TARGETED_DEVICE_FAMILY = "1,2";
				TEST_TARGET_NAME = HomeWork2;
			};
			name = Debug;
		};
		A8DBF7602517A5D4008206F5 /* Release */ = {
			isa = XCBuildConfiguration;
			buildSettings = {
				ALWAYS_EMBED_SWIFT_STANDARD_LIBRARIES = YES;
				CODE_SIGN_STYLE = Automatic;
				INFOPLIST_FILE = HomeWork2UITests/Info.plist;
				LD_RUNPATH_SEARCH_PATHS = (
					"$(inherited)",
					"@executable_path/Frameworks",
					"@loader_path/Frameworks",
				);
				PRODUCT_BUNDLE_IDENTIFIER = nail.HomeWork2UITests;
				PRODUCT_NAME = "$(TARGET_NAME)";
				SWIFT_VERSION = 5.0;
				TARGETED_DEVICE_FAMILY = "1,2";
				TEST_TARGET_NAME = HomeWork2;
			};
			name = Release;
		};
/* End XCBuildConfiguration section */

/* Begin XCConfigurationList section */
		A8DBF7292517A5D3008206F5 /* Build configuration list for PBXProject "HomeWork2" */ = {
			isa = XCConfigurationList;
			buildConfigurations = (
				A8DBF7562517A5D4008206F5 /* Debug */,
				A8DBF7572517A5D4008206F5 /* Release */,
			);
			defaultConfigurationIsVisible = 0;
			defaultConfigurationName = Release;
		};
		A8DBF7582517A5D4008206F5 /* Build configuration list for PBXNativeTarget "HomeWork2" */ = {
			isa = XCConfigurationList;
			buildConfigurations = (
				A8DBF7592517A5D4008206F5 /* Debug */,
				A8DBF75A2517A5D4008206F5 /* Release */,
			);
			defaultConfigurationIsVisible = 0;
			defaultConfigurationName = Release;
		};
		A8DBF75B2517A5D4008206F5 /* Build configuration list for PBXNativeTarget "HomeWork2Tests" */ = {
			isa = XCConfigurationList;
			buildConfigurations = (
				A8DBF75C2517A5D4008206F5 /* Debug */,
				A8DBF75D2517A5D4008206F5 /* Release */,
			);
			defaultConfigurationIsVisible = 0;
			defaultConfigurationName = Release;
		};
		A8DBF75E2517A5D4008206F5 /* Build configuration list for PBXNativeTarget "HomeWork2UITests" */ = {
			isa = XCConfigurationList;
			buildConfigurations = (
				A8DBF75F2517A5D4008206F5 /* Debug */,
				A8DBF7602517A5D4008206F5 /* Release */,
			);
			defaultConfigurationIsVisible = 0;
			defaultConfigurationName = Release;
		};
/* End XCConfigurationList section */
	};
	rootObject = A8DBF7262517A5D3008206F5 /* Project object */;
}
