// !$*UTF8*$!
{
	archiveVersion = 1;
	classes = {
	};
	objectVersion = 50;
	objects = {

/* Begin PBXBuildFile section */
		452E0B952526229900AD648B /* DetailedNewsViewController.swift in Sources */ = {isa = PBXBuildFile; fileRef = 452E0B942526229900AD648B /* DetailedNewsViewController.swift */; };
		453C9F5E25224DCE00356961 /* AppDelegate.swift in Sources */ = {isa = PBXBuildFile; fileRef = 453C9F5D25224DCE00356961 /* AppDelegate.swift */; };
		453C9F6025224DCE00356961 /* SceneDelegate.swift in Sources */ = {isa = PBXBuildFile; fileRef = 453C9F5F25224DCE00356961 /* SceneDelegate.swift */; };
		453C9F6225224DCE00356961 /* ViewController.swift in Sources */ = {isa = PBXBuildFile; fileRef = 453C9F6125224DCE00356961 /* ViewController.swift */; };
		453C9F6525224DCE00356961 /* Main.storyboard in Resources */ = {isa = PBXBuildFile; fileRef = 453C9F6325224DCE00356961 /* Main.storyboard */; };
		453C9F6725224DD000356961 /* Assets.xcassets in Resources */ = {isa = PBXBuildFile; fileRef = 453C9F6625224DD000356961 /* Assets.xcassets */; };
		453C9F6A25224DD000356961 /* LaunchScreen.storyboard in Resources */ = {isa = PBXBuildFile; fileRef = 453C9F6825224DD000356961 /* LaunchScreen.storyboard */; };
		453C9F732522522300356961 /* LoginViewClass.swift in Sources */ = {isa = PBXBuildFile; fileRef = 453C9F722522522300356961 /* LoginViewClass.swift */; };
		453C9F752522524A00356961 /* RegistrationViewClass.swift in Sources */ = {isa = PBXBuildFile; fileRef = 453C9F742522524A00356961 /* RegistrationViewClass.swift */; };
		454644822522546900206A30 /* TabBarController.swift in Sources */ = {isa = PBXBuildFile; fileRef = 454644812522546900206A30 /* TabBarController.swift */; };
		458E0B8F252603790023D65E /* ProfileViewController.swift in Sources */ = {isa = PBXBuildFile; fileRef = 458E0B8E252603790023D65E /* ProfileViewController.swift */; };
		458E0B91252603920023D65E /* HomeViewController.swift in Sources */ = {isa = PBXBuildFile; fileRef = 458E0B90252603920023D65E /* HomeViewController.swift */; };
/* End PBXBuildFile section */

/* Begin PBXFileReference section */
		452E0B942526229900AD648B /* DetailedNewsViewController.swift */ = {isa = PBXFileReference; lastKnownFileType = sourcecode.swift; path = DetailedNewsViewController.swift; sourceTree = "<group>"; };
		453C9F5A25224DCE00356961 /* NavigationAndTabBarProject.app */ = {isa = PBXFileReference; explicitFileType = wrapper.application; includeInIndex = 0; path = NavigationAndTabBarProject.app; sourceTree = BUILT_PRODUCTS_DIR; };
		453C9F5D25224DCE00356961 /* AppDelegate.swift */ = {isa = PBXFileReference; lastKnownFileType = sourcecode.swift; path = AppDelegate.swift; sourceTree = "<group>"; };
		453C9F5F25224DCE00356961 /* SceneDelegate.swift */ = {isa = PBXFileReference; lastKnownFileType = sourcecode.swift; path = SceneDelegate.swift; sourceTree = "<group>"; };
		453C9F6125224DCE00356961 /* ViewController.swift */ = {isa = PBXFileReference; lastKnownFileType = sourcecode.swift; path = ViewController.swift; sourceTree = "<group>"; };
		453C9F6425224DCE00356961 /* Base */ = {isa = PBXFileReference; lastKnownFileType = file.storyboard; name = Base; path = Base.lproj/Main.storyboard; sourceTree = "<group>"; };
		453C9F6625224DD000356961 /* Assets.xcassets */ = {isa = PBXFileReference; lastKnownFileType = folder.assetcatalog; path = Assets.xcassets; sourceTree = "<group>"; };
		453C9F6925224DD000356961 /* Base */ = {isa = PBXFileReference; lastKnownFileType = file.storyboard; name = Base; path = Base.lproj/LaunchScreen.storyboard; sourceTree = "<group>"; };
		453C9F6B25224DD000356961 /* Info.plist */ = {isa = PBXFileReference; lastKnownFileType = text.plist.xml; path = Info.plist; sourceTree = "<group>"; };
		453C9F722522522300356961 /* LoginViewClass.swift */ = {isa = PBXFileReference; lastKnownFileType = sourcecode.swift; path = LoginViewClass.swift; sourceTree = "<group>"; };
		453C9F742522524A00356961 /* RegistrationViewClass.swift */ = {isa = PBXFileReference; lastKnownFileType = sourcecode.swift; path = RegistrationViewClass.swift; sourceTree = "<group>"; };
		454644812522546900206A30 /* TabBarController.swift */ = {isa = PBXFileReference; lastKnownFileType = sourcecode.swift; path = TabBarController.swift; sourceTree = "<group>"; };
		458E0B8E252603790023D65E /* ProfileViewController.swift */ = {isa = PBXFileReference; lastKnownFileType = sourcecode.swift; path = ProfileViewController.swift; sourceTree = "<group>"; };
		458E0B90252603920023D65E /* HomeViewController.swift */ = {isa = PBXFileReference; lastKnownFileType = sourcecode.swift; path = HomeViewController.swift; sourceTree = "<group>"; };
/* End PBXFileReference section */

/* Begin PBXFrameworksBuildPhase section */
		453C9F5725224DCE00356961 /* Frameworks */ = {
			isa = PBXFrameworksBuildPhase;
			buildActionMask = 2147483647;
			files = (
			);
			runOnlyForDeploymentPostprocessing = 0;
		};
/* End PBXFrameworksBuildPhase section */

/* Begin PBXGroup section */
		453C9F5125224DCE00356961 = {
			isa = PBXGroup;
			children = (
				453C9F5C25224DCE00356961 /* NavigationAndTabBarProject */,
				453C9F5B25224DCE00356961 /* Products */,
			);
			sourceTree = "<group>";
		};
		453C9F5B25224DCE00356961 /* Products */ = {
			isa = PBXGroup;
			children = (
				453C9F5A25224DCE00356961 /* NavigationAndTabBarProject.app */,
			);
			name = Products;
			sourceTree = "<group>";
		};
		453C9F5C25224DCE00356961 /* NavigationAndTabBarProject */ = {
			isa = PBXGroup;
			children = (
				453C9F712522512100356961 /* LoginAndRegistration */,
				458E0B92252603AD0023D65E /* TabBar */,
				453C9F5D25224DCE00356961 /* AppDelegate.swift */,
				453C9F5F25224DCE00356961 /* SceneDelegate.swift */,
				453C9F6325224DCE00356961 /* Main.storyboard */,
				453C9F6625224DD000356961 /* Assets.xcassets */,
				453C9F6825224DD000356961 /* LaunchScreen.storyboard */,
				453C9F6B25224DD000356961 /* Info.plist */,
			);
			path = NavigationAndTabBarProject;
			sourceTree = "<group>";
		};
		453C9F712522512100356961 /* LoginAndRegistration */ = {
			isa = PBXGroup;
			children = (
				453C9F6125224DCE00356961 /* ViewController.swift */,
				453C9F722522522300356961 /* LoginViewClass.swift */,
				453C9F742522524A00356961 /* RegistrationViewClass.swift */,
			);
			path = LoginAndRegistration;
			sourceTree = "<group>";
		};
		458E0B92252603AD0023D65E /* TabBar */ = {
			isa = PBXGroup;
			children = (
				454644812522546900206A30 /* TabBarController.swift */,
				458E0B90252603920023D65E /* HomeViewController.swift */,
				458E0B8E252603790023D65E /* ProfileViewController.swift */,
				452E0B942526229900AD648B /* DetailedNewsViewController.swift */,
			);
			path = TabBar;
			sourceTree = "<group>";
		};
/* End PBXGroup section */

/* Begin PBXNativeTarget section */
		453C9F5925224DCE00356961 /* NavigationAndTabBarProject */ = {
			isa = PBXNativeTarget;
			buildConfigurationList = 453C9F6E25224DD000356961 /* Build configuration list for PBXNativeTarget "NavigationAndTabBarProject" */;
			buildPhases = (
				453C9F5625224DCE00356961 /* Sources */,
				453C9F5725224DCE00356961 /* Frameworks */,
				453C9F5825224DCE00356961 /* Resources */,
			);
			buildRules = (
			);
			dependencies = (
			);
			name = NavigationAndTabBarProject;
			productName = NavigationAndTabBarProject;
			productReference = 453C9F5A25224DCE00356961 /* NavigationAndTabBarProject.app */;
			productType = "com.apple.product-type.application";
		};
/* End PBXNativeTarget section */

/* Begin PBXProject section */
		453C9F5225224DCE00356961 /* Project object */ = {
			isa = PBXProject;
			attributes = {
				LastSwiftUpdateCheck = 1170;
				LastUpgradeCheck = 1170;
				ORGANIZATIONNAME = "Rishat Latypov";
				TargetAttributes = {
					453C9F5925224DCE00356961 = {
						CreatedOnToolsVersion = 11.7;
					};
				};
			};
			buildConfigurationList = 453C9F5525224DCE00356961 /* Build configuration list for PBXProject "NavigationAndTabBarProject" */;
			compatibilityVersion = "Xcode 9.3";
			developmentRegion = en;
			hasScannedForEncodings = 0;
			knownRegions = (
				en,
				Base,
			);
			mainGroup = 453C9F5125224DCE00356961;
			productRefGroup = 453C9F5B25224DCE00356961 /* Products */;
			projectDirPath = "";
			projectRoot = "";
			targets = (
				453C9F5925224DCE00356961 /* NavigationAndTabBarProject */,
			);
		};
/* End PBXProject section */

/* Begin PBXResourcesBuildPhase section */
		453C9F5825224DCE00356961 /* Resources */ = {
			isa = PBXResourcesBuildPhase;
			buildActionMask = 2147483647;
			files = (
				453C9F6A25224DD000356961 /* LaunchScreen.storyboard in Resources */,
				453C9F6725224DD000356961 /* Assets.xcassets in Resources */,
				453C9F6525224DCE00356961 /* Main.storyboard in Resources */,
			);
			runOnlyForDeploymentPostprocessing = 0;
		};
/* End PBXResourcesBuildPhase section */

/* Begin PBXSourcesBuildPhase section */
		453C9F5625224DCE00356961 /* Sources */ = {
			isa = PBXSourcesBuildPhase;
			buildActionMask = 2147483647;
			files = (
				453C9F6225224DCE00356961 /* ViewController.swift in Sources */,
				452E0B952526229900AD648B /* DetailedNewsViewController.swift in Sources */,
				453C9F732522522300356961 /* LoginViewClass.swift in Sources */,
				453C9F5E25224DCE00356961 /* AppDelegate.swift in Sources */,
				458E0B91252603920023D65E /* HomeViewController.swift in Sources */,
				454644822522546900206A30 /* TabBarController.swift in Sources */,
				458E0B8F252603790023D65E /* ProfileViewController.swift in Sources */,
				453C9F6025224DCE00356961 /* SceneDelegate.swift in Sources */,
				453C9F752522524A00356961 /* RegistrationViewClass.swift in Sources */,
			);
			runOnlyForDeploymentPostprocessing = 0;
		};
/* End PBXSourcesBuildPhase section */

/* Begin PBXVariantGroup section */
		453C9F6325224DCE00356961 /* Main.storyboard */ = {
			isa = PBXVariantGroup;
			children = (
				453C9F6425224DCE00356961 /* Base */,
			);
			name = Main.storyboard;
			sourceTree = "<group>";
		};
		453C9F6825224DD000356961 /* LaunchScreen.storyboard */ = {
			isa = PBXVariantGroup;
			children = (
				453C9F6925224DD000356961 /* Base */,
			);
			name = LaunchScreen.storyboard;
			sourceTree = "<group>";
		};
/* End PBXVariantGroup section */

/* Begin XCBuildConfiguration section */
		453C9F6C25224DD000356961 /* Debug */ = {
			isa = XCBuildConfiguration;
			buildSettings = {
				ALWAYS_SEARCH_USER_PATHS = NO;
				CLANG_ANALYZER_NONNULL = YES;
				CLANG_ANALYZER_NUMBER_OBJECT_CONVERSION = YES_AGGRESSIVE;
				CLANG_CXX_LANGUAGE_STANDARD = "gnu++14";
				CLANG_CXX_LIBRARY = "libc++";
				CLANG_ENABLE_MODULES = YES;
				CLANG_ENABLE_OBJC_ARC = YES;
				CLANG_ENABLE_OBJC_WEAK = YES;
				CLANG_WARN_BLOCK_CAPTURE_AUTORELEASING = YES;
				CLANG_WARN_BOOL_CONVERSION = YES;
				CLANG_WARN_COMMA = YES;
				CLANG_WARN_CONSTANT_CONVERSION = YES;
				CLANG_WARN_DEPRECATED_OBJC_IMPLEMENTATIONS = YES;
				CLANG_WARN_DIRECT_OBJC_ISA_USAGE = YES_ERROR;
				CLANG_WARN_DOCUMENTATION_COMMENTS = YES;
				CLANG_WARN_EMPTY_BODY = YES;
				CLANG_WARN_ENUM_CONVERSION = YES;
				CLANG_WARN_INFINITE_RECURSION = YES;
				CLANG_WARN_INT_CONVERSION = YES;
				CLANG_WARN_NON_LITERAL_NULL_CONVERSION = YES;
				CLANG_WARN_OBJC_IMPLICIT_RETAIN_SELF = YES;
				CLANG_WARN_OBJC_LITERAL_CONVERSION = YES;
				CLANG_WARN_OBJC_ROOT_CLASS = YES_ERROR;
				CLANG_WARN_RANGE_LOOP_ANALYSIS = YES;
				CLANG_WARN_STRICT_PROTOTYPES = YES;
				CLANG_WARN_SUSPICIOUS_MOVE = YES;
				CLANG_WARN_UNGUARDED_AVAILABILITY = YES_AGGRESSIVE;
				CLANG_WARN_UNREACHABLE_CODE = YES;
				CLANG_WARN__DUPLICATE_METHOD_MATCH = YES;
				COPY_PHASE_STRIP = NO;
				DEBUG_INFORMATION_FORMAT = dwarf;
				ENABLE_STRICT_OBJC_MSGSEND = YES;
				ENABLE_TESTABILITY = YES;
				GCC_C_LANGUAGE_STANDARD = gnu11;
				GCC_DYNAMIC_NO_PIC = NO;
				GCC_NO_COMMON_BLOCKS = YES;
				GCC_OPTIMIZATION_LEVEL = 0;
				GCC_PREPROCESSOR_DEFINITIONS = (
					"DEBUG=1",
					"$(inherited)",
				);
				GCC_WARN_64_TO_32_BIT_CONVERSION = YES;
				GCC_WARN_ABOUT_RETURN_TYPE = YES_ERROR;
				GCC_WARN_UNDECLARED_SELECTOR = YES;
				GCC_WARN_UNINITIALIZED_AUTOS = YES_AGGRESSIVE;
				GCC_WARN_UNUSED_FUNCTION = YES;
				GCC_WARN_UNUSED_VARIABLE = YES;
				IPHONEOS_DEPLOYMENT_TARGET = 13.7;
				MTL_ENABLE_DEBUG_INFO = INCLUDE_SOURCE;
				MTL_FAST_MATH = YES;
				ONLY_ACTIVE_ARCH = YES;
				SDKROOT = iphoneos;
				SWIFT_ACTIVE_COMPILATION_CONDITIONS = DEBUG;
				SWIFT_OPTIMIZATION_LEVEL = "-Onone";
			};
			name = Debug;
		};
		453C9F6D25224DD000356961 /* Release */ = {
			isa = XCBuildConfiguration;
			buildSettings = {
				ALWAYS_SEARCH_USER_PATHS = NO;
				CLANG_ANALYZER_NONNULL = YES;
				CLANG_ANALYZER_NUMBER_OBJECT_CONVERSION = YES_AGGRESSIVE;
				CLANG_CXX_LANGUAGE_STANDARD = "gnu++14";
				CLANG_CXX_LIBRARY = "libc++";
				CLANG_ENABLE_MODULES = YES;
				CLANG_ENABLE_OBJC_ARC = YES;
				CLANG_ENABLE_OBJC_WEAK = YES;
				CLANG_WARN_BLOCK_CAPTURE_AUTORELEASING = YES;
				CLANG_WARN_BOOL_CONVERSION = YES;
				CLANG_WARN_COMMA = YES;
				CLANG_WARN_CONSTANT_CONVERSION = YES;
				CLANG_WARN_DEPRECATED_OBJC_IMPLEMENTATIONS = YES;
				CLANG_WARN_DIRECT_OBJC_ISA_USAGE = YES_ERROR;
				CLANG_WARN_DOCUMENTATION_COMMENTS = YES;
				CLANG_WARN_EMPTY_BODY = YES;
				CLANG_WARN_ENUM_CONVERSION = YES;
				CLANG_WARN_INFINITE_RECURSION = YES;
				CLANG_WARN_INT_CONVERSION = YES;
				CLANG_WARN_NON_LITERAL_NULL_CONVERSION = YES;
				CLANG_WARN_OBJC_IMPLICIT_RETAIN_SELF = YES;
				CLANG_WARN_OBJC_LITERAL_CONVERSION = YES;
				CLANG_WARN_OBJC_ROOT_CLASS = YES_ERROR;
				CLANG_WARN_RANGE_LOOP_ANALYSIS = YES;
				CLANG_WARN_STRICT_PROTOTYPES = YES;
				CLANG_WARN_SUSPICIOUS_MOVE = YES;
				CLANG_WARN_UNGUARDED_AVAILABILITY = YES_AGGRESSIVE;
				CLANG_WARN_UNREACHABLE_CODE = YES;
				CLANG_WARN__DUPLICATE_METHOD_MATCH = YES;
				COPY_PHASE_STRIP = NO;
				DEBUG_INFORMATION_FORMAT = "dwarf-with-dsym";
				ENABLE_NS_ASSERTIONS = NO;
				ENABLE_STRICT_OBJC_MSGSEND = YES;
				GCC_C_LANGUAGE_STANDARD = gnu11;
				GCC_NO_COMMON_BLOCKS = YES;
				GCC_WARN_64_TO_32_BIT_CONVERSION = YES;
				GCC_WARN_ABOUT_RETURN_TYPE = YES_ERROR;
				GCC_WARN_UNDECLARED_SELECTOR = YES;
				GCC_WARN_UNINITIALIZED_AUTOS = YES_AGGRESSIVE;
				GCC_WARN_UNUSED_FUNCTION = YES;
				GCC_WARN_UNUSED_VARIABLE = YES;
				IPHONEOS_DEPLOYMENT_TARGET = 13.7;
				MTL_ENABLE_DEBUG_INFO = NO;
				MTL_FAST_MATH = YES;
				SDKROOT = iphoneos;
				SWIFT_COMPILATION_MODE = wholemodule;
				SWIFT_OPTIMIZATION_LEVEL = "-O";
				VALIDATE_PRODUCT = YES;
			};
			name = Release;
		};
		453C9F6F25224DD000356961 /* Debug */ = {
			isa = XCBuildConfiguration;
			buildSettings = {
				ASSETCATALOG_COMPILER_APPICON_NAME = AppIcon;
				CODE_SIGN_STYLE = Automatic;
				INFOPLIST_FILE = NavigationAndTabBarProject/Info.plist;
				LD_RUNPATH_SEARCH_PATHS = (
					"$(inherited)",
					"@executable_path/Frameworks",
				);
				PRODUCT_BUNDLE_IDENTIFIER = com.NavigationAndTabBarProject;
				PRODUCT_NAME = "$(TARGET_NAME)";
				SWIFT_VERSION = 5.0;
				TARGETED_DEVICE_FAMILY = "1,2";
			};
			name = Debug;
		};
		453C9F7025224DD000356961 /* Release */ = {
			isa = XCBuildConfiguration;
			buildSettings = {
				ASSETCATALOG_COMPILER_APPICON_NAME = AppIcon;
				CODE_SIGN_STYLE = Automatic;
				INFOPLIST_FILE = NavigationAndTabBarProject/Info.plist;
				LD_RUNPATH_SEARCH_PATHS = (
					"$(inherited)",
					"@executable_path/Frameworks",
				);
				PRODUCT_BUNDLE_IDENTIFIER = com.NavigationAndTabBarProject;
				PRODUCT_NAME = "$(TARGET_NAME)";
				SWIFT_VERSION = 5.0;
				TARGETED_DEVICE_FAMILY = "1,2";
			};
			name = Release;
		};
/* End XCBuildConfiguration section */

/* Begin XCConfigurationList section */
		453C9F5525224DCE00356961 /* Build configuration list for PBXProject "NavigationAndTabBarProject" */ = {
			isa = XCConfigurationList;
			buildConfigurations = (
				453C9F6C25224DD000356961 /* Debug */,
				453C9F6D25224DD000356961 /* Release */,
			);
			defaultConfigurationIsVisible = 0;
			defaultConfigurationName = Release;
		};
		453C9F6E25224DD000356961 /* Build configuration list for PBXNativeTarget "NavigationAndTabBarProject" */ = {
			isa = XCConfigurationList;
			buildConfigurations = (
				453C9F6F25224DD000356961 /* Debug */,
				453C9F7025224DD000356961 /* Release */,
			);
			defaultConfigurationIsVisible = 0;
			defaultConfigurationName = Release;
		};
/* End XCConfigurationList section */
	};
	rootObject = 453C9F5225224DCE00356961 /* Project object */;
}
